
Microsoft Visual Studio Solution File, Format Version 12.00
# Visual Studio 2012
VisualStudioVersion = 14.0.24720.0
MinimumVisualStudioVersion = 10.0.40219.1
Project("{FAE04EC0-301F-11D3-BF4B-00C04F79EFBC}") = "Capp2", "Capp2\Capp2.csproj", "{61E800EF-6A96-44DF-B108-4915CE1A6569}"
EndProject
Project("{FAE04EC0-301F-11D3-BF4B-00C04F79EFBC}") = "Capp2.iOS", "Capp2.iOS\Capp2.iOS.csproj", "{E9099E4A-A002-4626-87F0-70D8538FDE8A}"
EndProject
Project("{9344BDBB-3E7F-41FC-A0DD-8665D75EE146}") = "Capp2.Droid", "Droid\Capp2.Droid.csproj", "{5CFB9499-963A-4C8E-A63B-0C705CB9095E}"
EndProject
Global
	GlobalSection(SolutionConfigurationPlatforms) = preSolution
		Ad-Hoc|Any CPU = Ad-Hoc|Any CPU
		Ad-Hoc|arm64-v8a = Ad-Hoc|arm64-v8a
		Ad-Hoc|armeabi = Ad-Hoc|armeabi
		Ad-Hoc|armeabi-v7a = Ad-Hoc|armeabi-v7a
		Ad-Hoc|iPhone = Ad-Hoc|iPhone
		Ad-Hoc|iPhoneSimulator = Ad-Hoc|iPhoneSimulator
		Ad-Hoc|None = Ad-Hoc|None
		Ad-Hoc|x86 = Ad-Hoc|x86
		Ad-Hoc|x86_64 = Ad-Hoc|x86_64
		AppStore|Any CPU = AppStore|Any CPU
		AppStore|arm64-v8a = AppStore|arm64-v8a
		AppStore|armeabi = AppStore|armeabi
		AppStore|armeabi-v7a = AppStore|armeabi-v7a
		AppStore|iPhone = AppStore|iPhone
		AppStore|iPhoneSimulator = AppStore|iPhoneSimulator
		AppStore|None = AppStore|None
		AppStore|x86 = AppStore|x86
		AppStore|x86_64 = AppStore|x86_64
		Debug|Any CPU = Debug|Any CPU
		Debug|arm64-v8a = Debug|arm64-v8a
		Debug|armeabi = Debug|armeabi
		Debug|armeabi-v7a = Debug|armeabi-v7a
		Debug|iPhone = Debug|iPhone
		Debug|iPhoneSimulator = Debug|iPhoneSimulator
		Debug|None = Debug|None
		Debug|x86 = Debug|x86
		Debug|x86_64 = Debug|x86_64
		Release|Any CPU = Release|Any CPU
		Release|arm64-v8a = Release|arm64-v8a
		Release|armeabi = Release|armeabi
		Release|armeabi-v7a = Release|armeabi-v7a
		Release|iPhone = Release|iPhone
		Release|iPhoneSimulator = Release|iPhoneSimulator
		Release|None = Release|None
		Release|x86 = Release|x86
		Release|x86_64 = Release|x86_64
	EndGlobalSection
	GlobalSection(ProjectConfigurationPlatforms) = postSolution
		{61E800EF-6A96-44DF-B108-4915CE1A6569}.Ad-Hoc|Any CPU.ActiveCfg = Release|Any CPU
		{61E800EF-6A96-44DF-B108-4915CE1A6569}.Ad-Hoc|Any CPU.Build.0 = Release|Any CPU
		{61E800EF-6A96-44DF-B108-4915CE1A6569}.Ad-Hoc|arm64-v8a.ActiveCfg = Release|Any CPU
		{61E800EF-6A96-44DF-B108-4915CE1A6569}.Ad-Hoc|arm64-v8a.Build.0 = Release|Any CPU
		{61E800EF-6A96-44DF-B108-4915CE1A6569}.Ad-Hoc|armeabi.ActiveCfg = Release|Any CPU
		{61E800EF-6A96-44DF-B108-4915CE1A6569}.Ad-Hoc|armeabi.Build.0 = Release|Any CPU
		{61E800EF-6A96-44DF-B108-4915CE1A6569}.Ad-Hoc|armeabi-v7a.ActiveCfg = Release|Any CPU
		{61E800EF-6A96-44DF-B108-4915CE1A6569}.Ad-Hoc|armeabi-v7a.Build.0 = Release|Any CPU
		{61E800EF-6A96-44DF-B108-4915CE1A6569}.Ad-Hoc|iPhone.ActiveCfg = Release|Any CPU
		{61E800EF-6A96-44DF-B108-4915CE1A6569}.Ad-Hoc|iPhone.Build.0 = Release|Any CPU
		{61E800EF-6A96-44DF-B108-4915CE1A6569}.Ad-Hoc|iPhoneSimulator.ActiveCfg = Release|Any CPU
		{61E800EF-6A96-44DF-B108-4915CE1A6569}.Ad-Hoc|iPhoneSimulator.Build.0 = Release|Any CPU
		{61E800EF-6A96-44DF-B108-4915CE1A6569}.Ad-Hoc|None.ActiveCfg = Release|Any CPU
		{61E800EF-6A96-44DF-B108-4915CE1A6569}.Ad-Hoc|None.Build.0 = Release|Any CPU
		{61E800EF-6A96-44DF-B108-4915CE1A6569}.Ad-Hoc|x86.ActiveCfg = Release|Any CPU
		{61E800EF-6A96-44DF-B108-4915CE1A6569}.Ad-Hoc|x86.Build.0 = Release|Any CPU
		{61E800EF-6A96-44DF-B108-4915CE1A6569}.Ad-Hoc|x86_64.ActiveCfg = Release|Any CPU
		{61E800EF-6A96-44DF-B108-4915CE1A6569}.Ad-Hoc|x86_64.Build.0 = Release|Any CPU
		{61E800EF-6A96-44DF-B108-4915CE1A6569}.AppStore|Any CPU.ActiveCfg = Release|Any CPU
		{61E800EF-6A96-44DF-B108-4915CE1A6569}.AppStore|Any CPU.Build.0 = Release|Any CPU
		{61E800EF-6A96-44DF-B108-4915CE1A6569}.AppStore|arm64-v8a.ActiveCfg = Release|Any CPU
		{61E800EF-6A96-44DF-B108-4915CE1A6569}.AppStore|arm64-v8a.Build.0 = Release|Any CPU
		{61E800EF-6A96-44DF-B108-4915CE1A6569}.AppStore|armeabi.ActiveCfg = Release|Any CPU
		{61E800EF-6A96-44DF-B108-4915CE1A6569}.AppStore|armeabi.Build.0 = Release|Any CPU
		{61E800EF-6A96-44DF-B108-4915CE1A6569}.AppStore|armeabi-v7a.ActiveCfg = Release|Any CPU
		{61E800EF-6A96-44DF-B108-4915CE1A6569}.AppStore|armeabi-v7a.Build.0 = Release|Any CPU
		{61E800EF-6A96-44DF-B108-4915CE1A6569}.AppStore|iPhone.ActiveCfg = Release|Any CPU
		{61E800EF-6A96-44DF-B108-4915CE1A6569}.AppStore|iPhone.Build.0 = Release|Any CPU
		{61E800EF-6A96-44DF-B108-4915CE1A6569}.AppStore|iPhoneSimulator.ActiveCfg = Release|Any CPU
		{61E800EF-6A96-44DF-B108-4915CE1A6569}.AppStore|iPhoneSimulator.Build.0 = Release|Any CPU
		{61E800EF-6A96-44DF-B108-4915CE1A6569}.AppStore|None.ActiveCfg = Release|Any CPU
		{61E800EF-6A96-44DF-B108-4915CE1A6569}.AppStore|None.Build.0 = Release|Any CPU
		{61E800EF-6A96-44DF-B108-4915CE1A6569}.AppStore|x86.ActiveCfg = Release|Any CPU
		{61E800EF-6A96-44DF-B108-4915CE1A6569}.AppStore|x86.Build.0 = Release|Any CPU
		{61E800EF-6A96-44DF-B108-4915CE1A6569}.AppStore|x86_64.ActiveCfg = Release|Any CPU
		{61E800EF-6A96-44DF-B108-4915CE1A6569}.AppStore|x86_64.Build.0 = Release|Any CPU
		{61E800EF-6A96-44DF-B108-4915CE1A6569}.Debug|Any CPU.ActiveCfg = Debug|Any CPU
		{61E800EF-6A96-44DF-B108-4915CE1A6569}.Debug|Any CPU.Build.0 = Debug|Any CPU
		{61E800EF-6A96-44DF-B108-4915CE1A6569}.Debug|arm64-v8a.ActiveCfg = Debug|Any CPU
		{61E800EF-6A96-44DF-B108-4915CE1A6569}.Debug|arm64-v8a.Build.0 = Debug|Any CPU
		{61E800EF-6A96-44DF-B108-4915CE1A6569}.Debug|armeabi.ActiveCfg = Debug|Any CPU
		{61E800EF-6A96-44DF-B108-4915CE1A6569}.Debug|armeabi.Build.0 = Debug|Any CPU
		{61E800EF-6A96-44DF-B108-4915CE1A6569}.Debug|armeabi-v7a.ActiveCfg = Debug|Any CPU
		{61E800EF-6A96-44DF-B108-4915CE1A6569}.Debug|armeabi-v7a.Build.0 = Debug|Any CPU
		{61E800EF-6A96-44DF-B108-4915CE1A6569}.Debug|iPhone.ActiveCfg = Debug|Any CPU
		{61E800EF-6A96-44DF-B108-4915CE1A6569}.Debug|iPhone.Build.0 = Debug|Any CPU
		{61E800EF-6A96-44DF-B108-4915CE1A6569}.Debug|iPhoneSimulator.ActiveCfg = Debug|Any CPU
		{61E800EF-6A96-44DF-B108-4915CE1A6569}.Debug|iPhoneSimulator.Build.0 = Debug|Any CPU
		{61E800EF-6A96-44DF-B108-4915CE1A6569}.Debug|None.ActiveCfg = Debug|Any CPU
		{61E800EF-6A96-44DF-B108-4915CE1A6569}.Debug|None.Build.0 = Debug|Any CPU
		{61E800EF-6A96-44DF-B108-4915CE1A6569}.Debug|x86.ActiveCfg = Debug|Any CPU
		{61E800EF-6A96-44DF-B108-4915CE1A6569}.Debug|x86.Build.0 = Debug|Any CPU
		{61E800EF-6A96-44DF-B108-4915CE1A6569}.Debug|x86_64.ActiveCfg = Debug|Any CPU
		{61E800EF-6A96-44DF-B108-4915CE1A6569}.Debug|x86_64.Build.0 = Debug|Any CPU
		{61E800EF-6A96-44DF-B108-4915CE1A6569}.Release|Any CPU.ActiveCfg = Release|Any CPU
		{61E800EF-6A96-44DF-B108-4915CE1A6569}.Release|Any CPU.Build.0 = Release|Any CPU
		{61E800EF-6A96-44DF-B108-4915CE1A6569}.Release|arm64-v8a.ActiveCfg = Release|Any CPU
		{61E800EF-6A96-44DF-B108-4915CE1A6569}.Release|arm64-v8a.Build.0 = Release|Any CPU
		{61E800EF-6A96-44DF-B108-4915CE1A6569}.Release|armeabi.ActiveCfg = Release|Any CPU
		{61E800EF-6A96-44DF-B108-4915CE1A6569}.Release|armeabi.Build.0 = Release|Any CPU
		{61E800EF-6A96-44DF-B108-4915CE1A6569}.Release|armeabi-v7a.ActiveCfg = Release|Any CPU
		{61E800EF-6A96-44DF-B108-4915CE1A6569}.Release|armeabi-v7a.Build.0 = Release|Any CPU
		{61E800EF-6A96-44DF-B108-4915CE1A6569}.Release|iPhone.ActiveCfg = Release|Any CPU
		{61E800EF-6A96-44DF-B108-4915CE1A6569}.Release|iPhone.Build.0 = Release|Any CPU
		{61E800EF-6A96-44DF-B108-4915CE1A6569}.Release|iPhoneSimulator.ActiveCfg = Release|Any CPU
		{61E800EF-6A96-44DF-B108-4915CE1A6569}.Release|iPhoneSimulator.Build.0 = Release|Any CPU
		{61E800EF-6A96-44DF-B108-4915CE1A6569}.Release|None.ActiveCfg = Release|Any CPU
		{61E800EF-6A96-44DF-B108-4915CE1A6569}.Release|None.Build.0 = Release|Any CPU
		{61E800EF-6A96-44DF-B108-4915CE1A6569}.Release|x86.ActiveCfg = Release|Any CPU
		{61E800EF-6A96-44DF-B108-4915CE1A6569}.Release|x86.Build.0 = Release|Any CPU
		{61E800EF-6A96-44DF-B108-4915CE1A6569}.Release|x86_64.ActiveCfg = Release|Any CPU
		{61E800EF-6A96-44DF-B108-4915CE1A6569}.Release|x86_64.Build.0 = Release|Any CPU
		{E9099E4A-A002-4626-87F0-70D8538FDE8A}.Ad-Hoc|Any CPU.ActiveCfg = Ad-Hoc|iPhone
		{E9099E4A-A002-4626-87F0-70D8538FDE8A}.Ad-Hoc|Any CPU.Build.0 = Ad-Hoc|iPhone
		{E9099E4A-A002-4626-87F0-70D8538FDE8A}.Ad-Hoc|arm64-v8a.ActiveCfg = Ad-Hoc|iPhone
		{E9099E4A-A002-4626-87F0-70D8538FDE8A}.Ad-Hoc|armeabi.ActiveCfg = Ad-Hoc|iPhone
		{E9099E4A-A002-4626-87F0-70D8538FDE8A}.Ad-Hoc|armeabi-v7a.ActiveCfg = Ad-Hoc|iPhone
		{E9099E4A-A002-4626-87F0-70D8538FDE8A}.Ad-Hoc|iPhone.ActiveCfg = Ad-Hoc|iPhone
		{E9099E4A-A002-4626-87F0-70D8538FDE8A}.Ad-Hoc|iPhone.Build.0 = Ad-Hoc|iPhone
		{E9099E4A-A002-4626-87F0-70D8538FDE8A}.Ad-Hoc|iPhoneSimulator.ActiveCfg = Ad-Hoc|iPhoneSimulator
		{E9099E4A-A002-4626-87F0-70D8538FDE8A}.Ad-Hoc|iPhoneSimulator.Build.0 = Ad-Hoc|iPhoneSimulator
		{E9099E4A-A002-4626-87F0-70D8538FDE8A}.Ad-Hoc|None.ActiveCfg = Ad-Hoc|iPhone
		{E9099E4A-A002-4626-87F0-70D8538FDE8A}.Ad-Hoc|x86.ActiveCfg = Ad-Hoc|iPhone
		{E9099E4A-A002-4626-87F0-70D8538FDE8A}.Ad-Hoc|x86_64.ActiveCfg = Ad-Hoc|iPhone
		{E9099E4A-A002-4626-87F0-70D8538FDE8A}.AppStore|Any CPU.ActiveCfg = AppStore|iPhone
		{E9099E4A-A002-4626-87F0-70D8538FDE8A}.AppStore|Any CPU.Build.0 = AppStore|iPhone
		{E9099E4A-A002-4626-87F0-70D8538FDE8A}.AppStore|arm64-v8a.ActiveCfg = AppStore|iPhone
		{E9099E4A-A002-4626-87F0-70D8538FDE8A}.AppStore|armeabi.ActiveCfg = AppStore|iPhone
		{E9099E4A-A002-4626-87F0-70D8538FDE8A}.AppStore|armeabi-v7a.ActiveCfg = AppStore|iPhone
		{E9099E4A-A002-4626-87F0-70D8538FDE8A}.AppStore|iPhone.ActiveCfg = AppStore|iPhone
		{E9099E4A-A002-4626-87F0-70D8538FDE8A}.AppStore|iPhone.Build.0 = AppStore|iPhone
		{E9099E4A-A002-4626-87F0-70D8538FDE8A}.AppStore|iPhoneSimulator.ActiveCfg = AppStore|iPhoneSimulator
		{E9099E4A-A002-4626-87F0-70D8538FDE8A}.AppStore|iPhoneSimulator.Build.0 = AppStore|iPhoneSimulator
		{E9099E4A-A002-4626-87F0-70D8538FDE8A}.AppStore|None.ActiveCfg = AppStore|iPhone
		{E9099E4A-A002-4626-87F0-70D8538FDE8A}.AppStore|x86.ActiveCfg = AppStore|iPhone
		{E9099E4A-A002-4626-87F0-70D8538FDE8A}.AppStore|x86_64.ActiveCfg = AppStore|iPhone
		{E9099E4A-A002-4626-87F0-70D8538FDE8A}.Debug|Any CPU.ActiveCfg = Debug|iPhone
		{E9099E4A-A002-4626-87F0-70D8538FDE8A}.Debug|Any CPU.Build.0 = Debug|iPhone
		{E9099E4A-A002-4626-87F0-70D8538FDE8A}.Debug|arm64-v8a.ActiveCfg = Debug|iPhone
		{E9099E4A-A002-4626-87F0-70D8538FDE8A}.Debug|armeabi.ActiveCfg = Debug|iPhone
		{E9099E4A-A002-4626-87F0-70D8538FDE8A}.Debug|armeabi-v7a.ActiveCfg = Debug|iPhone
		{E9099E4A-A002-4626-87F0-70D8538FDE8A}.Debug|iPhone.ActiveCfg = Debug|iPhone
		{E9099E4A-A002-4626-87F0-70D8538FDE8A}.Debug|iPhone.Build.0 = Debug|iPhone
		{E9099E4A-A002-4626-87F0-70D8538FDE8A}.Debug|iPhoneSimulator.ActiveCfg = Debug|iPhoneSimulator
		{E9099E4A-A002-4626-87F0-70D8538FDE8A}.Debug|iPhoneSimulator.Build.0 = Debug|iPhoneSimulator
		{E9099E4A-A002-4626-87F0-70D8538FDE8A}.Debug|None.ActiveCfg = Debug|iPhone
		{E9099E4A-A002-4626-87F0-70D8538FDE8A}.Debug|x86.ActiveCfg = Debug|iPhone
		{E9099E4A-A002-4626-87F0-70D8538FDE8A}.Debug|x86_64.ActiveCfg = Debug|iPhone
		{E9099E4A-A002-4626-87F0-70D8538FDE8A}.Release|Any CPU.ActiveCfg = Release|iPhone
		{E9099E4A-A002-4626-87F0-70D8538FDE8A}.Release|Any CPU.Build.0 = Release|iPhone
		{E9099E4A-A002-4626-87F0-70D8538FDE8A}.Release|arm64-v8a.ActiveCfg = Release|iPhone
		{E9099E4A-A002-4626-87F0-70D8538FDE8A}.Release|armeabi.ActiveCfg = Release|iPhone
		{E9099E4A-A002-4626-87F0-70D8538FDE8A}.Release|armeabi-v7a.ActiveCfg = Release|iPhone
		{E9099E4A-A002-4626-87F0-70D8538FDE8A}.Release|iPhone.ActiveCfg = Release|iPhone
		{E9099E4A-A002-4626-87F0-70D8538FDE8A}.Release|iPhone.Build.0 = Release|iPhone
		{E9099E4A-A002-4626-87F0-70D8538FDE8A}.Release|iPhoneSimulator.ActiveCfg = Release|iPhoneSimulator
		{E9099E4A-A002-4626-87F0-70D8538FDE8A}.Release|iPhoneSimulator.Build.0 = Release|iPhoneSimulator
		{E9099E4A-A002-4626-87F0-70D8538FDE8A}.Release|None.ActiveCfg = Release|iPhone
		{E9099E4A-A002-4626-87F0-70D8538FDE8A}.Release|x86.ActiveCfg = Release|iPhone
		{E9099E4A-A002-4626-87F0-70D8538FDE8A}.Release|x86_64.ActiveCfg = Release|iPhone
		{5CFB9499-963A-4C8E-A63B-0C705CB9095E}.Ad-Hoc|Any CPU.ActiveCfg = Release|Any CPU
		{5CFB9499-963A-4C8E-A63B-0C705CB9095E}.Ad-Hoc|Any CPU.Build.0 = Release|Any CPU
		{5CFB9499-963A-4C8E-A63B-0C705CB9095E}.Ad-Hoc|Any CPU.Deploy.0 = Release|Any CPU
		{5CFB9499-963A-4C8E-A63B-0C705CB9095E}.Ad-Hoc|arm64-v8a.ActiveCfg = Release|Any CPU
		{5CFB9499-963A-4C8E-A63B-0C705CB9095E}.Ad-Hoc|arm64-v8a.Build.0 = Release|Any CPU
		{5CFB9499-963A-4C8E-A63B-0C705CB9095E}.Ad-Hoc|arm64-v8a.Deploy.0 = Release|Any CPU
		{5CFB9499-963A-4C8E-A63B-0C705CB9095E}.Ad-Hoc|armeabi.ActiveCfg = Release|Any CPU
		{5CFB9499-963A-4C8E-A63B-0C705CB9095E}.Ad-Hoc|armeabi.Build.0 = Release|Any CPU
		{5CFB9499-963A-4C8E-A63B-0C705CB9095E}.Ad-Hoc|armeabi.Deploy.0 = Release|Any CPU
		{5CFB9499-963A-4C8E-A63B-0C705CB9095E}.Ad-Hoc|armeabi-v7a.ActiveCfg = Release|Any CPU
		{5CFB9499-963A-4C8E-A63B-0C705CB9095E}.Ad-Hoc|armeabi-v7a.Build.0 = Release|Any CPU
		{5CFB9499-963A-4C8E-A63B-0C705CB9095E}.Ad-Hoc|armeabi-v7a.Deploy.0 = Release|Any CPU
		{5CFB9499-963A-4C8E-A63B-0C705CB9095E}.Ad-Hoc|iPhone.ActiveCfg = Release|Any CPU
		{5CFB9499-963A-4C8E-A63B-0C705CB9095E}.Ad-Hoc|iPhone.Build.0 = Release|Any CPU
		{5CFB9499-963A-4C8E-A63B-0C705CB9095E}.Ad-Hoc|iPhone.Deploy.0 = Release|Any CPU
		{5CFB9499-963A-4C8E-A63B-0C705CB9095E}.Ad-Hoc|iPhoneSimulator.ActiveCfg = Release|Any CPU
		{5CFB9499-963A-4C8E-A63B-0C705CB9095E}.Ad-Hoc|iPhoneSimulator.Build.0 = Release|Any CPU
		{5CFB9499-963A-4C8E-A63B-0C705CB9095E}.Ad-Hoc|iPhoneSimulator.Deploy.0 = Release|Any CPU
		{5CFB9499-963A-4C8E-A63B-0C705CB9095E}.Ad-Hoc|None.ActiveCfg = Release|Any CPU
		{5CFB9499-963A-4C8E-A63B-0C705CB9095E}.Ad-Hoc|None.Build.0 = Release|Any CPU
		{5CFB9499-963A-4C8E-A63B-0C705CB9095E}.Ad-Hoc|None.Deploy.0 = Release|Any CPU
		{5CFB9499-963A-4C8E-A63B-0C705CB9095E}.Ad-Hoc|x86.ActiveCfg = Release|Any CPU
		{5CFB9499-963A-4C8E-A63B-0C705CB9095E}.Ad-Hoc|x86.Build.0 = Release|Any CPU
		{5CFB9499-963A-4C8E-A63B-0C705CB9095E}.Ad-Hoc|x86.Deploy.0 = Release|Any CPU
		{5CFB9499-963A-4C8E-A63B-0C705CB9095E}.Ad-Hoc|x86_64.ActiveCfg = Release|Any CPU
		{5CFB9499-963A-4C8E-A63B-0C705CB9095E}.Ad-Hoc|x86_64.Build.0 = Release|Any CPU
		{5CFB9499-963A-4C8E-A63B-0C705CB9095E}.Ad-Hoc|x86_64.Deploy.0 = Release|Any CPU
		{5CFB9499-963A-4C8E-A63B-0C705CB9095E}.AppStore|Any CPU.ActiveCfg = Release|Any CPU
		{5CFB9499-963A-4C8E-A63B-0C705CB9095E}.AppStore|Any CPU.Build.0 = Release|Any CPU
		{5CFB9499-963A-4C8E-A63B-0C705CB9095E}.AppStore|Any CPU.Deploy.0 = Release|Any CPU
		{5CFB9499-963A-4C8E-A63B-0C705CB9095E}.AppStore|arm64-v8a.ActiveCfg = Release|Any CPU
		{5CFB9499-963A-4C8E-A63B-0C705CB9095E}.AppStore|arm64-v8a.Build.0 = Release|Any CPU
		{5CFB9499-963A-4C8E-A63B-0C705CB9095E}.AppStore|arm64-v8a.Deploy.0 = Release|Any CPU
		{5CFB9499-963A-4C8E-A63B-0C705CB9095E}.AppStore|armeabi.ActiveCfg = Release|Any CPU
		{5CFB9499-963A-4C8E-A63B-0C705CB9095E}.AppStore|armeabi.Build.0 = Release|Any CPU
		{5CFB9499-963A-4C8E-A63B-0C705CB9095E}.AppStore|armeabi.Deploy.0 = Release|Any CPU
		{5CFB9499-963A-4C8E-A63B-0C705CB9095E}.AppStore|armeabi-v7a.ActiveCfg = Release|Any CPU
		{5CFB9499-963A-4C8E-A63B-0C705CB9095E}.AppStore|armeabi-v7a.Build.0 = Release|Any CPU
		{5CFB9499-963A-4C8E-A63B-0C705CB9095E}.AppStore|armeabi-v7a.Deploy.0 = Release|Any CPU
		{5CFB9499-963A-4C8E-A63B-0C705CB9095E}.AppStore|iPhone.ActiveCfg = Release|Any CPU
		{5CFB9499-963A-4C8E-A63B-0C705CB9095E}.AppStore|iPhone.Build.0 = Release|Any CPU
		{5CFB9499-963A-4C8E-A63B-0C705CB9095E}.AppStore|iPhone.Deploy.0 = Release|Any CPU
		{5CFB9499-963A-4C8E-A63B-0C705CB9095E}.AppStore|iPhoneSimulator.ActiveCfg = Release|Any CPU
		{5CFB9499-963A-4C8E-A63B-0C705CB9095E}.AppStore|iPhoneSimulator.Build.0 = Release|Any CPU
		{5CFB9499-963A-4C8E-A63B-0C705CB9095E}.AppStore|iPhoneSimulator.Deploy.0 = Release|Any CPU
		{5CFB9499-963A-4C8E-A63B-0C705CB9095E}.AppStore|None.ActiveCfg = Release|Any CPU
		{5CFB9499-963A-4C8E-A63B-0C705CB9095E}.AppStore|None.Build.0 = Release|Any CPU
		{5CFB9499-963A-4C8E-A63B-0C705CB9095E}.AppStore|None.Deploy.0 = Release|Any CPU
		{5CFB9499-963A-4C8E-A63B-0C705CB9095E}.AppStore|x86.ActiveCfg = Release|Any CPU
		{5CFB9499-963A-4C8E-A63B-0C705CB9095E}.AppStore|x86.Build.0 = Release|Any CPU
		{5CFB9499-963A-4C8E-A63B-0C705CB9095E}.AppStore|x86.Deploy.0 = Release|Any CPU
		{5CFB9499-963A-4C8E-A63B-0C705CB9095E}.AppStore|x86_64.ActiveCfg = Release|Any CPU
		{5CFB9499-963A-4C8E-A63B-0C705CB9095E}.AppStore|x86_64.Build.0 = Release|Any CPU
		{5CFB9499-963A-4C8E-A63B-0C705CB9095E}.AppStore|x86_64.Deploy.0 = Release|Any CPU
		{5CFB9499-963A-4C8E-A63B-0C705CB9095E}.Debug|Any CPU.ActiveCfg = Debug|Any CPU
		{5CFB9499-963A-4C8E-A63B-0C705CB9095E}.Debug|Any CPU.Build.0 = Debug|Any CPU
		{5CFB9499-963A-4C8E-A63B-0C705CB9095E}.Debug|Any CPU.Deploy.0 = Debug|Any CPU
		{5CFB9499-963A-4C8E-A63B-0C705CB9095E}.Debug|arm64-v8a.ActiveCfg = Debug|Any CPU
		{5CFB9499-963A-4C8E-A63B-0C705CB9095E}.Debug|arm64-v8a.Build.0 = Debug|Any CPU
		{5CFB9499-963A-4C8E-A63B-0C705CB9095E}.Debug|armeabi.ActiveCfg = Debug|Any CPU
		{5CFB9499-963A-4C8E-A63B-0C705CB9095E}.Debug|armeabi.Build.0 = Debug|Any CPU
		{5CFB9499-963A-4C8E-A63B-0C705CB9095E}.Debug|armeabi-v7a.ActiveCfg = Debug|Any CPU
		{5CFB9499-963A-4C8E-A63B-0C705CB9095E}.Debug|armeabi-v7a.Build.0 = Debug|Any CPU
		{5CFB9499-963A-4C8E-A63B-0C705CB9095E}.Debug|iPhone.ActiveCfg = Debug|Any CPU
		{5CFB9499-963A-4C8E-A63B-0C705CB9095E}.Debug|iPhone.Build.0 = Debug|Any CPU
		{5CFB9499-963A-4C8E-A63B-0C705CB9095E}.Debug|iPhone.Deploy.0 = Debug|Any CPU
		{5CFB9499-963A-4C8E-A63B-0C705CB9095E}.Debug|iPhoneSimulator.ActiveCfg = Debug|Any CPU
		{5CFB9499-963A-4C8E-A63B-0C705CB9095E}.Debug|iPhoneSimulator.Build.0 = Debug|Any CPU
		{5CFB9499-963A-4C8E-A63B-0C705CB9095E}.Debug|iPhoneSimulator.Deploy.0 = Debug|Any CPU
		{5CFB9499-963A-4C8E-A63B-0C705CB9095E}.Debug|None.ActiveCfg = Debug|Any CPU
		{5CFB9499-963A-4C8E-A63B-0C705CB9095E}.Debug|None.Build.0 = Debug|Any CPU
		{5CFB9499-963A-4C8E-A63B-0C705CB9095E}.Debug|x86.ActiveCfg = Debug|Any CPU
		{5CFB9499-963A-4C8E-A63B-0C705CB9095E}.Debug|x86.Build.0 = Debug|Any CPU
		{5CFB9499-963A-4C8E-A63B-0C705CB9095E}.Debug|x86_64.ActiveCfg = Debug|Any CPU
		{5CFB9499-963A-4C8E-A63B-0C705CB9095E}.Debug|x86_64.Build.0 = Debug|Any CPU
		{5CFB9499-963A-4C8E-A63B-0C705CB9095E}.Release|Any CPU.ActiveCfg = Release|Any CPU
		{5CFB9499-963A-4C8E-A63B-0C705CB9095E}.Release|Any CPU.Build.0 = Release|Any CPU
		{5CFB9499-963A-4C8E-A63B-0C705CB9095E}.Release|arm64-v8a.ActiveCfg = Release|Any CPU
		{5CFB9499-963A-4C8E-A63B-0C705CB9095E}.Release|arm64-v8a.Build.0 = Release|Any CPU
		{5CFB9499-963A-4C8E-A63B-0C705CB9095E}.Release|armeabi.ActiveCfg = Release|Any CPU
		{5CFB9499-963A-4C8E-A63B-0C705CB9095E}.Release|armeabi.Build.0 = Release|Any CPU
		{5CFB9499-963A-4C8E-A63B-0C705CB9095E}.Release|armeabi-v7a.ActiveCfg = Release|Any CPU
		{5CFB9499-963A-4C8E-A63B-0C705CB9095E}.Release|armeabi-v7a.Build.0 = Release|Any CPU
		{5CFB9499-963A-4C8E-A63B-0C705CB9095E}.Release|iPhone.ActiveCfg = Release|Any CPU
		{5CFB9499-963A-4C8E-A63B-0C705CB9095E}.Release|iPhone.Build.0 = Release|Any CPU
		{5CFB9499-963A-4C8E-A63B-0C705CB9095E}.Release|iPhone.Deploy.0 = Release|Any CPU
		{5CFB9499-963A-4C8E-A63B-0C705CB9095E}.Release|iPhoneSimulator.ActiveCfg = Release|Any CPU
		{5CFB9499-963A-4C8E-A63B-0C705CB9095E}.Release|iPhoneSimulator.Build.0 = Release|Any CPU
		{5CFB9499-963A-4C8E-A63B-0C705CB9095E}.Release|iPhoneSimulator.Deploy.0 = Release|Any CPU
		{5CFB9499-963A-4C8E-A63B-0C705CB9095E}.Release|None.ActiveCfg = Release|Any CPU
		{5CFB9499-963A-4C8E-A63B-0C705CB9095E}.Release|None.Build.0 = Release|Any CPU
		{5CFB9499-963A-4C8E-A63B-0C705CB9095E}.Release|x86.ActiveCfg = Release|Any CPU
		{5CFB9499-963A-4C8E-A63B-0C705CB9095E}.Release|x86.Build.0 = Release|Any CPU
		{5CFB9499-963A-4C8E-A63B-0C705CB9095E}.Release|x86_64.ActiveCfg = Release|Any CPU
		{5CFB9499-963A-4C8E-A63B-0C705CB9095E}.Release|x86_64.Build.0 = Release|Any CPU
	EndGlobalSection
	GlobalSection(SolutionProperties) = preSolution
		HideSolutionNode = FALSE
	EndGlobalSection
EndGlobal
